Microsoft Visual Studio Solution File, Format Version 11.00
# Visual Studio 2008

Project("{A1C8FC5D-879C-840A-6164-916829B11645}") = "Meshplay_open", "Assembly-CSharp-firstpass-vs.csproj", "{A6ADC7B5-1123-501B-2D94-5C92D49215A6}"
EndProject
Project("{A1C8FC5D-879C-840A-6164-916829B11645}") = "Meshplay_open", "Assembly-CSharp-vs.csproj", "{EF35C477-DB20-B79F-7C90-B16EA2452203}"
EndProject
Global
	GlobalSection(SolutionConfigurationPlatforms) = preSolution
		Debug|Any CPU = Debug|Any CPU
		Release|Any CPU = Release|Any CPU
	EndGlobalSection
	GlobalSection(ProjectConfigurationPlatforms) = postSolution
		{A6ADC7B5-1123-501B-2D94-5C92D49215A6}.Debug|Any CPU.ActiveCfg = Debug|Any CPU
		{A6ADC7B5-1123-501B-2D94-5C92D49215A6}.Debug|Any CPU.Build.0 = Debug|Any CPU
		{A6ADC7B5-1123-501B-2D94-5C92D49215A6}.Release|Any CPU.ActiveCfg = Release|Any CPU
		{A6ADC7B5-1123-501B-2D94-5C92D49215A6}.Release|Any CPU.Build.0 = Release|Any CPU
		{EF35C477-DB20-B79F-7C90-B16EA2452203}.Debug|Any CPU.ActiveCfg = Debug|Any CPU
		{EF35C477-DB20-B79F-7C90-B16EA2452203}.Debug|Any CPU.Build.0 = Debug|Any CPU
		{EF35C477-DB20-B79F-7C90-B16EA2452203}.Release|Any CPU.ActiveCfg = Release|Any CPU
		{EF35C477-DB20-B79F-7C90-B16EA2452203}.Release|Any CPU.Build.0 = Release|Any CPU
	EndGlobalSection
	GlobalSection(SolutionProperties) = preSolution
		HideSolutionNode = FALSE
	EndGlobalSection
						GlobalSection(MonoDevelopProperties) = preSolution
		StartupItem = Assembly-CSharp.csproj
		Policies = $0
		$0.TextStylePolicy = $1
		$1.inheritsSet = null
		$1.scope = text/x-csharp
		$0.CSharpFormattingPolicy = $2
		$2.inheritsSet = Mono
		$2.inheritsScope = text/x-csharp
		$2.scope = text/x-csharp
		$0.TextStylePolicy = $3
		$3.FileWidth = 120
		$3.TabWidth = 4
		$3.EolMarker = Unix
		$3.inheritsSet = Mono
		$3.inheritsScope = text/plain
		$3.scope = text/plain
	EndGlobalSection

EndGlobal
